
Microsoft Visual Studio Solution File, Format Version 12.00
# Visual Studio Version 17
VisualStudioVersion = 17.5.33530.505
MinimumVisualStudioVersion = 10.0.40219.1
Project("{FAE04EC0-301F-11D3-BF4B-00C04F79EFBC}") = "Raiz Cubica", "Raiz Cubica.csproj", "{22746A9E-6309-4E24-9ABF-044E88DCD0EB}"
EndProject
Global
	GlobalSection(SolutionConfigurationPlatforms) = preSolution
		Debug|Any CPU = Debug|Any CPU
		Release|Any CPU = Release|Any CPU
	EndGlobalSection
	GlobalSection(ProjectConfigurationPlatforms) = postSolution
		{22746A9E-6309-4E24-9ABF-044E88DCD0EB}.Debug|Any CPU.ActiveCfg = Debug|Any CPU
		{22746A9E-6309-4E24-9ABF-044E88DCD0EB}.Debug|Any CPU.Build.0 = Debug|Any CPU
		{22746A9E-6309-4E24-9ABF-044E88DCD0EB}.Release|Any CPU.ActiveCfg = Release|Any CPU
		{22746A9E-6309-4E24-9ABF-044E88DCD0EB}.Release|Any CPU.Build.0 = Release|Any CPU
	EndGlobalSection
	GlobalSection(SolutionProperties) = preSolution
		HideSolutionNode = FALSE
	EndGlobalSection
	GlobalSection(ExtensibilityGlobals) = postSolution
		SolutionGuid = {F6ED8FB3-105C-431C-AD57-F67DAA56A818}
	EndGlobalSection
EndGlobal
