
Microsoft Visual Studio Solution File, Format Version 12.00
# Visual Studio Version 17
VisualStudioVersion = 17.5.33530.505
MinimumVisualStudioVersion = 10.0.40219.1
Project("{FAE04EC0-301F-11D3-BF4B-00C04F79EFBC}") = "Raíz Cuadrada", "Raíz Cuadrada.csproj", "{E6EF4EDE-2DF0-4454-B6CC-4F214117658E}"
EndProject
Global
	GlobalSection(SolutionConfigurationPlatforms) = preSolution
		Debug|Any CPU = Debug|Any CPU
		Release|Any CPU = Release|Any CPU
	EndGlobalSection
	GlobalSection(ProjectConfigurationPlatforms) = postSolution
		{E6EF4EDE-2DF0-4454-B6CC-4F214117658E}.Debug|Any CPU.ActiveCfg = Debug|Any CPU
		{E6EF4EDE-2DF0-4454-B6CC-4F214117658E}.Debug|Any CPU.Build.0 = Debug|Any CPU
		{E6EF4EDE-2DF0-4454-B6CC-4F214117658E}.Release|Any CPU.ActiveCfg = Release|Any CPU
		{E6EF4EDE-2DF0-4454-B6CC-4F214117658E}.Release|Any CPU.Build.0 = Release|Any CPU
	EndGlobalSection
	GlobalSection(SolutionProperties) = preSolution
		HideSolutionNode = FALSE
	EndGlobalSection
	GlobalSection(ExtensibilityGlobals) = postSolution
		SolutionGuid = {2645966E-B6AE-4506-B5EB-D6540FECE646}
	EndGlobalSection
EndGlobal
