
Microsoft Visual Studio Solution File, Format Version 12.00
# Visual Studio Version 17
VisualStudioVersion = 17.5.33530.505
MinimumVisualStudioVersion = 10.0.40219.1
Project("{FAE04EC0-301F-11D3-BF4B-00C04F79EFBC}") = "mesaje 10", "mesaje 10.csproj", "{42AE7EAC-A8B2-477A-837B-EC1368CF9E3B}"
EndProject
Global
	GlobalSection(SolutionConfigurationPlatforms) = preSolution
		Debug|Any CPU = Debug|Any CPU
		Release|Any CPU = Release|Any CPU
	EndGlobalSection
	GlobalSection(ProjectConfigurationPlatforms) = postSolution
		{42AE7EAC-A8B2-477A-837B-EC1368CF9E3B}.Debug|Any CPU.ActiveCfg = Debug|Any CPU
		{42AE7EAC-A8B2-477A-837B-EC1368CF9E3B}.Debug|Any CPU.Build.0 = Debug|Any CPU
		{42AE7EAC-A8B2-477A-837B-EC1368CF9E3B}.Release|Any CPU.ActiveCfg = Release|Any CPU
		{42AE7EAC-A8B2-477A-837B-EC1368CF9E3B}.Release|Any CPU.Build.0 = Release|Any CPU
	EndGlobalSection
	GlobalSection(SolutionProperties) = preSolution
		HideSolutionNode = FALSE
	EndGlobalSection
	GlobalSection(ExtensibilityGlobals) = postSolution
		SolutionGuid = {B68D7759-584D-41C6-BD53-8D6295471D54}
	EndGlobalSection
EndGlobal
